
Microsoft Visual Studio Solution File, Format Version 12.00
# Visual Studio Version 17
VisualStudioVersion = 17.13.35931.197 d17.13
MinimumVisualStudioVersion = 10.0.40219.1
Project("{FAE04EC0-301F-11D3-BF4B-00C04F79EFBC}") = "PhnDay07", "PhnDay07\PhnDay07.csproj", "{1DD9513C-54D8-4A4E-9998-4BF17A335D61}"
EndProject
Global
	GlobalSection(SolutionConfigurationPlatforms) = preSolution
		Debug|Any CPU = Debug|Any CPU
		Release|Any CPU = Release|Any CPU
	EndGlobalSection
	GlobalSection(ProjectConfigurationPlatforms) = postSolution
		{1DD9513C-54D8-4A4E-9998-4BF17A335D61}.Debug|Any CPU.ActiveCfg = Debug|Any CPU
		{1DD9513C-54D8-4A4E-9998-4BF17A335D61}.Debug|Any CPU.Build.0 = Debug|Any CPU
		{1DD9513C-54D8-4A4E-9998-4BF17A335D61}.Release|Any CPU.ActiveCfg = Release|Any CPU
		{1DD9513C-54D8-4A4E-9998-4BF17A335D61}.Release|Any CPU.Build.0 = Release|Any CPU
	EndGlobalSection
	GlobalSection(SolutionProperties) = preSolution
		HideSolutionNode = FALSE
	EndGlobalSection
	GlobalSection(ExtensibilityGlobals) = postSolution
		SolutionGuid = {F7B26AAD-910F-44BB-83DF-A43A1215F02B}
	EndGlobalSection
EndGlobal
