
Microsoft Visual Studio Solution File, Format Version 12.00
# Visual Studio Version 17
VisualStudioVersion = 17.13.35931.197 d17.13
MinimumVisualStudioVersion = 10.0.40219.1
Project("{FAE04EC0-301F-11D3-BF4B-00C04F79EFBC}") = "PhnDay06", "PhnDay06\PhnDay06.csproj", "{E461C99C-78BE-4803-B7B4-5148AC0AF9F8}"
EndProject
Global
	GlobalSection(SolutionConfigurationPlatforms) = preSolution
		Debug|Any CPU = Debug|Any CPU
		Release|Any CPU = Release|Any CPU
	EndGlobalSection
	GlobalSection(ProjectConfigurationPlatforms) = postSolution
		{E461C99C-78BE-4803-B7B4-5148AC0AF9F8}.Debug|Any CPU.ActiveCfg = Debug|Any CPU
		{E461C99C-78BE-4803-B7B4-5148AC0AF9F8}.Debug|Any CPU.Build.0 = Debug|Any CPU
		{E461C99C-78BE-4803-B7B4-5148AC0AF9F8}.Release|Any CPU.ActiveCfg = Release|Any CPU
		{E461C99C-78BE-4803-B7B4-5148AC0AF9F8}.Release|Any CPU.Build.0 = Release|Any CPU
	EndGlobalSection
	GlobalSection(SolutionProperties) = preSolution
		HideSolutionNode = FALSE
	EndGlobalSection
	GlobalSection(ExtensibilityGlobals) = postSolution
		SolutionGuid = {0ACF5AC9-B441-48D2-87BB-9257ADE14C34}
	EndGlobalSection
EndGlobal
