
Microsoft Visual Studio Solution File, Format Version 12.00
# Visual Studio Version 17
VisualStudioVersion = 17.13.35931.197 d17.13
MinimumVisualStudioVersion = 10.0.40219.1
Project("{FAE04EC0-301F-11D3-BF4B-00C04F79EFBC}") = "Phn_Day01", "Phn_Day01\Phn_Day01.csproj", "{5DC4D47B-979C-446D-9179-2E497F2A11DD}"
EndProject
Global
	GlobalSection(SolutionConfigurationPlatforms) = preSolution
		Debug|Any CPU = Debug|Any CPU
		Release|Any CPU = Release|Any CPU
	EndGlobalSection
	GlobalSection(ProjectConfigurationPlatforms) = postSolution
		{5DC4D47B-979C-446D-9179-2E497F2A11DD}.Debug|Any CPU.ActiveCfg = Debug|Any CPU
		{5DC4D47B-979C-446D-9179-2E497F2A11DD}.Debug|Any CPU.Build.0 = Debug|Any CPU
		{5DC4D47B-979C-446D-9179-2E497F2A11DD}.Release|Any CPU.ActiveCfg = Release|Any CPU
		{5DC4D47B-979C-446D-9179-2E497F2A11DD}.Release|Any CPU.Build.0 = Release|Any CPU
	EndGlobalSection
	GlobalSection(SolutionProperties) = preSolution
		HideSolutionNode = FALSE
	EndGlobalSection
	GlobalSection(ExtensibilityGlobals) = postSolution
		SolutionGuid = {8A5334D3-C494-4E6C-95B4-7FDDB31A9681}
	EndGlobalSection
EndGlobal
